// !$*UTF8*$!
{
	archiveVersion = 1;
	classes = {
	};
	objectVersion = 46;
	objects = {

/* Begin PBXBuildFile section */
		12D0AE95C3366DD6998C5F46 /* libPods.a in Frameworks */ = {isa = PBXBuildFile; fileRef = 0D3DDA2CF2A81A79E2497C8B /* libPods.a */; };
		C2F3F81E1CCE5C6000522CA0 /* NetRequest.m in Sources */ = {isa = PBXBuildFile; fileRef = C2F3F81D1CCE5C6000522CA0 /* NetRequest.m */; };
		C2F3F8211CCE62AA00522CA0 /* MessageModel.m in Sources */ = {isa = PBXBuildFile; fileRef = C2F3F8201CCE62AA00522CA0 /* MessageModel.m */; };
		C9E86DFE1CDC2B12007BF012 /* ContactAddTableVC.m in Sources */ = {isa = PBXBuildFile; fileRef = C9E86DFD1CDC2B12007BF012 /* ContactAddTableVC.m */; };
		C9E86E011CDC2D4A007BF012 /* ContactAddView.m in Sources */ = {isa = PBXBuildFile; fileRef = C9E86E001CDC2D4A007BF012 /* ContactAddView.m */; };
		C9E86E061CDC8CEA007BF012 /* FmdbClass.m in Sources */ = {isa = PBXBuildFile; fileRef = C9E86E051CDC8CEA007BF012 /* FmdbClass.m */; };
		C9EAB2F51CE18BDB00F29AE3 /* MsgMOdel.m in Sources */ = {isa = PBXBuildFile; fileRef = C9EAB2F41CE18BDB00F29AE3 /* MsgMOdel.m */; };
		C9EAB2F81CE1E2A300F29AE3 /* MessageVC.m in Sources */ = {isa = PBXBuildFile; fileRef = C9EAB2F71CE1E2A300F29AE3 /* MessageVC.m */; };
		C9EC72C01CD8787900181B79 /* 0.jpg in Resources */ = {isa = PBXBuildFile; fileRef = C9EC728B1CD8787900181B79 /* 0.jpg */; };
		C9EC72C11CD8787900181B79 /* 1.jpg in Resources */ = {isa = PBXBuildFile; fileRef = C9EC728C1CD8787900181B79 /* 1.jpg */; };
		C9EC72C21CD8787900181B79 /* 10.jpg in Resources */ = {isa = PBXBuildFile; fileRef = C9EC728D1CD8787900181B79 /* 10.jpg */; };
		C9EC72C31CD8787900181B79 /* 11.jpg in Resources */ = {isa = PBXBuildFile; fileRef = C9EC728E1CD8787900181B79 /* 11.jpg */; };
		C9EC72C41CD8787900181B79 /* 12.jpg in Resources */ = {isa = PBXBuildFile; fileRef = C9EC728F1CD8787900181B79 /* 12.jpg */; };
		C9EC72C51CD8787900181B79 /* 13.jpg in Resources */ = {isa = PBXBuildFile; fileRef = C9EC72901CD8787900181B79 /* 13.jpg */; };
		C9EC72C61CD8787900181B79 /* 14.jpg in Resources */ = {isa = PBXBuildFile; fileRef = C9EC72911CD8787900181B79 /* 14.jpg */; };
		C9EC72C71CD8787900181B79 /* 15.jpg in Resources */ = {isa = PBXBuildFile; fileRef = C9EC72921CD8787900181B79 /* 15.jpg */; };
		C9EC72C81CD8787900181B79 /* 16.jpg in Resources */ = {isa = PBXBuildFile; fileRef = C9EC72931CD8787900181B79 /* 16.jpg */; };
		C9EC72C91CD8787900181B79 /* 17.jpg in Resources */ = {isa = PBXBuildFile; fileRef = C9EC72941CD8787900181B79 /* 17.jpg */; };
		C9EC72CA1CD8787900181B79 /* 18.jpg in Resources */ = {isa = PBXBuildFile; fileRef = C9EC72951CD8787900181B79 /* 18.jpg */; };
		C9EC72CB1CD8787900181B79 /* 19.jpg in Resources */ = {isa = PBXBuildFile; fileRef = C9EC72961CD8787900181B79 /* 19.jpg */; };
		C9EC72CC1CD8787900181B79 /* 2.jpg in Resources */ = {isa = PBXBuildFile; fileRef = C9EC72971CD8787900181B79 /* 2.jpg */; };
		C9EC72CD1CD8787900181B79 /* 20.jpg in Resources */ = {isa = PBXBuildFile; fileRef = C9EC72981CD8787900181B79 /* 20.jpg */; };
		C9EC72CE1CD8787900181B79 /* 21.jpg in Resources */ = {isa = PBXBuildFile; fileRef = C9EC72991CD8787900181B79 /* 21.jpg */; };
		C9EC72CF1CD8787900181B79 /* 22.jpg in Resources */ = {isa = PBXBuildFile; fileRef = C9EC729A1CD8787900181B79 /* 22.jpg */; };
		C9EC72D01CD8787900181B79 /* 23.jpg in Resources */ = {isa = PBXBuildFile; fileRef = C9EC729B1CD8787900181B79 /* 23.jpg */; };
		C9EC72D11CD8787900181B79 /* 3.jpg in Resources */ = {isa = PBXBuildFile; fileRef = C9EC729C1CD8787900181B79 /* 3.jpg */; };
		C9EC72D21CD8787900181B79 /* 4.jpg in Resources */ = {isa = PBXBuildFile; fileRef = C9EC729D1CD8787900181B79 /* 4.jpg */; };
		C9EC72D31CD8787900181B79 /* 5.jpg in Resources */ = {isa = PBXBuildFile; fileRef = C9EC729E1CD8787900181B79 /* 5.jpg */; };
		C9EC72D41CD8787900181B79 /* 6.jpg in Resources */ = {isa = PBXBuildFile; fileRef = C9EC729F1CD8787900181B79 /* 6.jpg */; };
		C9EC72D51CD8787900181B79 /* 7.jpg in Resources */ = {isa = PBXBuildFile; fileRef = C9EC72A01CD8787900181B79 /* 7.jpg */; };
		C9EC72D61CD8787900181B79 /* 8.jpg in Resources */ = {isa = PBXBuildFile; fileRef = C9EC72A11CD8787900181B79 /* 8.jpg */; };
		C9EC72D71CD8787900181B79 /* 9.jpg in Resources */ = {isa = PBXBuildFile; fileRef = C9EC72A21CD8787900181B79 /* 9.jpg */; };
		C9EC72D81CD8787900181B79 /* icon0.jpg in Resources */ = {isa = PBXBuildFile; fileRef = C9EC72A31CD8787900181B79 /* icon0.jpg */; };
		C9EC72D91CD8787900181B79 /* icon1.jpg in Resources */ = {isa = PBXBuildFile; fileRef = C9EC72A41CD8787900181B79 /* icon1.jpg */; };
		C9EC72DA1CD8787900181B79 /* icon2.jpg in Resources */ = {isa = PBXBuildFile; fileRef = C9EC72A51CD8787900181B79 /* icon2.jpg */; };
		C9EC72DB1CD8787900181B79 /* icon3.jpg in Resources */ = {isa = PBXBuildFile; fileRef = C9EC72A61CD8787900181B79 /* icon3.jpg */; };
		C9EC72DC1CD8787900181B79 /* icon4.jpg in Resources */ = {isa = PBXBuildFile; fileRef = C9EC72A71CD8787900181B79 /* icon4.jpg */; };
		C9EC72DD1CD8787900181B79 /* Contacts.xcassets in Resources */ = {isa = PBXBuildFile; fileRef = C9EC72A81CD8787900181B79 /* Contacts.xcassets */; };
		C9EC72DE1CD8787900181B79 /* Discover.xcassets in Resources */ = {isa = PBXBuildFile; fileRef = C9EC72A91CD8787900181B79 /* Discover.xcassets */; };
		C9EC72DF1CD8787900181B79 /* Home.xcassets in Resources */ = {isa = PBXBuildFile; fileRef = C9EC72AA1CD8787900181B79 /* Home.xcassets */; };
		C9EC72E01CD8787900181B79 /* Images.xcassets in Resources */ = {isa = PBXBuildFile; fileRef = C9EC72AB1CD8787900181B79 /* Images.xcassets */; };
		C9EC72E11CD8787900181B79 /* Me.xcassets in Resources */ = {isa = PBXBuildFile; fileRef = C9EC72AC1CD8787900181B79 /* Me.xcassets */; };
		C9EC72E21CD8787900181B79 /* test0.jpg in Resources */ = {isa = PBXBuildFile; fileRef = C9EC72AE1CD8787900181B79 /* test0.jpg */; };
		C9EC72E31CD8787900181B79 /* test1.jpg in Resources */ = {isa = PBXBuildFile; fileRef = C9EC72AF1CD8787900181B79 /* test1.jpg */; };
		C9EC72E41CD8787900181B79 /* test2.jpg in Resources */ = {isa = PBXBuildFile; fileRef = C9EC72B01CD8787900181B79 /* test2.jpg */; };
		C9EC72E51CD8787900181B79 /* test3.jpg in Resources */ = {isa = PBXBuildFile; fileRef = C9EC72B11CD8787900181B79 /* test3.jpg */; };
		C9EC72E61CD8787900181B79 /* test4.jpg in Resources */ = {isa = PBXBuildFile; fileRef = C9EC72B21CD8787900181B79 /* test4.jpg */; };
		C9EC72E71CD8787900181B79 /* pbg.jpg in Resources */ = {isa = PBXBuildFile; fileRef = C9EC72B41CD8787900181B79 /* pbg.jpg */; };
		C9EC72E81CD8787900181B79 /* pic0.jpg in Resources */ = {isa = PBXBuildFile; fileRef = C9EC72B51CD8787900181B79 /* pic0.jpg */; };
		C9EC72E91CD8787900181B79 /* pic1.jpg in Resources */ = {isa = PBXBuildFile; fileRef = C9EC72B61CD8787900181B79 /* pic1.jpg */; };
		C9EC72EA1CD8787900181B79 /* pic2.jpg in Resources */ = {isa = PBXBuildFile; fileRef = C9EC72B71CD8787900181B79 /* pic2.jpg */; };
		C9EC72EB1CD8787900181B79 /* pic3.jpg in Resources */ = {isa = PBXBuildFile; fileRef = C9EC72B81CD8787900181B79 /* pic3.jpg */; };
		C9EC72EC1CD8787900181B79 /* pic4.jpg in Resources */ = {isa = PBXBuildFile; fileRef = C9EC72B91CD8787900181B79 /* pic4.jpg */; };
		C9EC72ED1CD8787900181B79 /* pic5.jpg in Resources */ = {isa = PBXBuildFile; fileRef = C9EC72BA1CD8787900181B79 /* pic5.jpg */; };
		C9EC72EE1CD8787900181B79 /* pic6.jpg in Resources */ = {isa = PBXBuildFile; fileRef = C9EC72BB1CD8787900181B79 /* pic6.jpg */; };
		C9EC72EF1CD8787900181B79 /* pic7.jpg in Resources */ = {isa = PBXBuildFile; fileRef = C9EC72BC1CD8787900181B79 /* pic7.jpg */; };
		C9EC72F01CD8787900181B79 /* pic8.jpg in Resources */ = {isa = PBXBuildFile; fileRef = C9EC72BD1CD8787900181B79 /* pic8.jpg */; };
		C9EC72F11CD8787900181B79 /* picon.jpg in Resources */ = {isa = PBXBuildFile; fileRef = C9EC72BE1CD8787900181B79 /* picon.jpg */; };
		C9EC72F21CD8787900181B79 /* tx.jpeg in Resources */ = {isa = PBXBuildFile; fileRef = C9EC72BF1CD8787900181B79 /* tx.jpeg */; };
		C9EC72F51CD8796300181B79 /* MineViewController.m in Sources */ = {isa = PBXBuildFile; fileRef = C9EC72F41CD8796300181B79 /* MineViewController.m */; };
		C9EC72F81CD8797000181B79 /* DiscoverViewController.m in Sources */ = {isa = PBXBuildFile; fileRef = C9EC72F71CD8797000181B79 /* DiscoverViewController.m */; };
		C9EC72FB1CD8797C00181B79 /* ContactsViewController.m in Sources */ = {isa = PBXBuildFile; fileRef = C9EC72FA1CD8797C00181B79 /* ContactsViewController.m */; };
		C9ED44BA1CC9ED1700C04163 /* AppUnit.m in Sources */ = {isa = PBXBuildFile; fileRef = C9ED44B91CC9ED1700C04163 /* AppUnit.m */; };
		C9ED44BD1CC9F16500C04163 /* HomeCellTableViewCell.m in Sources */ = {isa = PBXBuildFile; fileRef = C9ED44BC1CC9F16500C04163 /* HomeCellTableViewCell.m */; };
		C9ED920A1CC866DE00E38BA9 /* main.m in Sources */ = {isa = PBXBuildFile; fileRef = C9ED92091CC866DE00E38BA9 /* main.m */; };
		C9ED920D1CC866DE00E38BA9 /* AppDelegate.m in Sources */ = {isa = PBXBuildFile; fileRef = C9ED920C1CC866DE00E38BA9 /* AppDelegate.m */; };
		C9ED92101CC866DE00E38BA9 /* ViewController.m in Sources */ = {isa = PBXBuildFile; fileRef = C9ED920F1CC866DE00E38BA9 /* ViewController.m */; };
		C9ED92131CC866DE00E38BA9 /* Main.storyboard in Resources */ = {isa = PBXBuildFile; fileRef = C9ED92111CC866DE00E38BA9 /* Main.storyboard */; };
		C9ED92151CC866DE00E38BA9 /* Assets.xcassets in Resources */ = {isa = PBXBuildFile; fileRef = C9ED92141CC866DE00E38BA9 /* Assets.xcassets */; };
		C9ED92181CC866DE00E38BA9 /* LaunchScreen.storyboard in Resources */ = {isa = PBXBuildFile; fileRef = C9ED92161CC866DE00E38BA9 /* LaunchScreen.storyboard */; };
		C9ED92231CC866DE00E38BA9 /* weichatTests.m in Sources */ = {isa = PBXBuildFile; fileRef = C9ED92221CC866DE00E38BA9 /* weichatTests.m */; };
		C9ED922E1CC866DF00E38BA9 /* weichatUITests.m in Sources */ = {isa = PBXBuildFile; fileRef = C9ED922D1CC866DF00E38BA9 /* weichatUITests.m */; };
		C9ED923E1CC8AE8300E38BA9 /* BaseTabBarController.m in Sources */ = {isa = PBXBuildFile; fileRef = C9ED923D1CC8AE8300E38BA9 /* BaseTabBarController.m */; };
		C9ED924A1CC8B32E00E38BA9 /* BaseViewController.m in Sources */ = {isa = PBXBuildFile; fileRef = C9ED92491CC8B32E00E38BA9 /* BaseViewController.m */; };
		C9ED924D1CC8B3D400E38BA9 /* BaseNavigationVC.m in Sources */ = {isa = PBXBuildFile; fileRef = C9ED924C1CC8B3D400E38BA9 /* BaseNavigationVC.m */; };
		C9ED92501CC8B3FE00E38BA9 /* HomeViewController.m in Sources */ = {isa = PBXBuildFile; fileRef = C9ED924F1CC8B3FE00E38BA9 /* HomeViewController.m */; };
		C9EDEDFC1CE0693B00D91281 /* TalkModel.m in Sources */ = {isa = PBXBuildFile; fileRef = C9EDEDFB1CE0693B00D91281 /* TalkModel.m */; };
/* End PBXBuildFile section */

/* Begin PBXContainerItemProxy section */
		C9ED921F1CC866DE00E38BA9 /* PBXContainerItemProxy */ = {
			isa = PBXContainerItemProxy;
			containerPortal = C9ED91FD1CC866DE00E38BA9 /* Project object */;
			proxyType = 1;
			remoteGlobalIDString = C9ED92041CC866DE00E38BA9;
			remoteInfo = weichat;
		};
		C9ED922A1CC866DE00E38BA9 /* PBXContainerItemProxy */ = {
			isa = PBXContainerItemProxy;
			containerPortal = C9ED91FD1CC866DE00E38BA9 /* Project object */;
			proxyType = 1;
			remoteGlobalIDString = C9ED92041CC866DE00E38BA9;
			remoteInfo = weichat;
		};
/* End PBXContainerItemProxy section */

/* Begin PBXFileReference section */
		0D3DDA2CF2A81A79E2497C8B /* libPods.a */ = {isa = PBXFileReference; explicitFileType = archive.ar; includeInIndex = 0; path = libPods.a; sourceTree = BUILT_PRODUCTS_DIR; };
		58D60A9BA8EFB3D42533AFD4 /* Pods.release.xcconfig */ = {isa = PBXFileReference; includeInIndex = 1; lastKnownFileType = text.xcconfig; name = Pods.release.xcconfig; path = "Pods/Target Support Files/Pods/Pods.release.xcconfig"; sourceTree = "<group>"; };
		B6FEF6EA54CE52A01EADF9B3 /* Pods.debug.xcconfig */ = {isa = PBXFileReference; includeInIndex = 1; lastKnownFileType = text.xcconfig; name = Pods.debug.xcconfig; path = "Pods/Target Support Files/Pods/Pods.debug.xcconfig"; sourceTree = "<group>"; };
		C2F3F81C1CCE5C6000522CA0 /* NetRequest.h */ = {isa = PBXFileReference; fileEncoding = 4; lastKnownFileType = sourcecode.c.h; path = NetRequest.h; sourceTree = "<group>"; };
		C2F3F81D1CCE5C6000522CA0 /* NetRequest.m */ = {isa = PBXFileReference; fileEncoding = 4; lastKnownFileType = sourcecode.c.objc; path = NetRequest.m; sourceTree = "<group>"; };
		C2F3F81F1CCE62AA00522CA0 /* MessageModel.h */ = {isa = PBXFileReference; fileEncoding = 4; lastKnownFileType = sourcecode.c.h; path = MessageModel.h; sourceTree = "<group>"; };
		C2F3F8201CCE62AA00522CA0 /* MessageModel.m */ = {isa = PBXFileReference; fileEncoding = 4; lastKnownFileType = sourcecode.c.objc; path = MessageModel.m; sourceTree = "<group>"; };
		C9E86DFC1CDC2B12007BF012 /* ContactAddTableVC.h */ = {isa = PBXFileReference; fileEncoding = 4; lastKnownFileType = sourcecode.c.h; path = ContactAddTableVC.h; sourceTree = "<group>"; };
		C9E86DFD1CDC2B12007BF012 /* ContactAddTableVC.m */ = {isa = PBXFileReference; fileEncoding = 4; lastKnownFileType = sourcecode.c.objc; path = ContactAddTableVC.m; sourceTree = "<group>"; };
		C9E86DFF1CDC2D4A007BF012 /* ContactAddView.h */ = {isa = PBXFileReference; fileEncoding = 4; lastKnownFileType = sourcecode.c.h; path = ContactAddView.h; sourceTree = "<group>"; };
		C9E86E001CDC2D4A007BF012 /* ContactAddView.m */ = {isa = PBXFileReference; fileEncoding = 4; lastKnownFileType = sourcecode.c.objc; path = ContactAddView.m; sourceTree = "<group>"; };
		C9E86E041CDC8CEA007BF012 /* FmdbClass.h */ = {isa = PBXFileReference; fileEncoding = 4; lastKnownFileType = sourcecode.c.h; path = FmdbClass.h; sourceTree = "<group>"; };
		C9E86E051CDC8CEA007BF012 /* FmdbClass.m */ = {isa = PBXFileReference; fileEncoding = 4; lastKnownFileType = sourcecode.c.objc; path = FmdbClass.m; sourceTree = "<group>"; };
		C9EAB2F31CE18BDB00F29AE3 /* MsgMOdel.h */ = {isa = PBXFileReference; fileEncoding = 4; lastKnownFileType = sourcecode.c.h; path = MsgMOdel.h; sourceTree = "<group>"; };
		C9EAB2F41CE18BDB00F29AE3 /* MsgMOdel.m */ = {isa = PBXFileReference; fileEncoding = 4; lastKnownFileType = sourcecode.c.objc; path = MsgMOdel.m; sourceTree = "<group>"; };
		C9EAB2F61CE1E2A300F29AE3 /* MessageVC.h */ = {isa = PBXFileReference; fileEncoding = 4; lastKnownFileType = sourcecode.c.h; path = MessageVC.h; sourceTree = "<group>"; };
		C9EAB2F71CE1E2A300F29AE3 /* MessageVC.m */ = {isa = PBXFileReference; fileEncoding = 4; lastKnownFileType = sourcecode.c.objc; path = MessageVC.m; sourceTree = "<group>"; };
		C9EC728B1CD8787900181B79 /* 0.jpg */ = {isa = PBXFileReference; lastKnownFileType = image.jpeg; path = 0.jpg; sourceTree = "<group>"; };
		C9EC728C1CD8787900181B79 /* 1.jpg */ = {isa = PBXFileReference; lastKnownFileType = image.jpeg; path = 1.jpg; sourceTree = "<group>"; };
		C9EC728D1CD8787900181B79 /* 10.jpg */ = {isa = PBXFileReference; lastKnownFileType = image.jpeg; path = 10.jpg; sourceTree = "<group>"; };
		C9EC728E1CD8787900181B79 /* 11.jpg */ = {isa = PBXFileReference; lastKnownFileType = image.jpeg; path = 11.jpg; sourceTree = "<group>"; };
		C9EC728F1CD8787900181B79 /* 12.jpg */ = {isa = PBXFileReference; lastKnownFileType = image.jpeg; path = 12.jpg; sourceTree = "<group>"; };
		C9EC72901CD8787900181B79 /* 13.jpg */ = {isa = PBXFileReference; lastKnownFileType = image.jpeg; path = 13.jpg; sourceTree = "<group>"; };
		C9EC72911CD8787900181B79 /* 14.jpg */ = {isa = PBXFileReference; lastKnownFileType = image.jpeg; path = 14.jpg; sourceTree = "<group>"; };
		C9EC72921CD8787900181B79 /* 15.jpg */ = {isa = PBXFileReference; lastKnownFileType = image.jpeg; path = 15.jpg; sourceTree = "<group>"; };
		C9EC72931CD8787900181B79 /* 16.jpg */ = {isa = PBXFileReference; lastKnownFileType = image.jpeg; path = 16.jpg; sourceTree = "<group>"; };
		C9EC72941CD8787900181B79 /* 17.jpg */ = {isa = PBXFileReference; lastKnownFileType = image.jpeg; path = 17.jpg; sourceTree = "<group>"; };
		C9EC72951CD8787900181B79 /* 18.jpg */ = {isa = PBXFileReference; lastKnownFileType = image.jpeg; path = 18.jpg; sourceTree = "<group>"; };
		C9EC72961CD8787900181B79 /* 19.jpg */ = {isa = PBXFileReference; lastKnownFileType = image.jpeg; path = 19.jpg; sourceTree = "<group>"; };
		C9EC72971CD8787900181B79 /* 2.jpg */ = {isa = PBXFileReference; lastKnownFileType = image.jpeg; path = 2.jpg; sourceTree = "<group>"; };
		C9EC72981CD8787900181B79 /* 20.jpg */ = {isa = PBXFileReference; lastKnownFileType = image.jpeg; path = 20.jpg; sourceTree = "<group>"; };
		C9EC72991CD8787900181B79 /* 21.jpg */ = {isa = PBXFileReference; lastKnownFileType = image.jpeg; path = 21.jpg; sourceTree = "<group>"; };
		C9EC729A1CD8787900181B79 /* 22.jpg */ = {isa = PBXFileReference; lastKnownFileType = image.jpeg; path = 22.jpg; sourceTree = "<group>"; };
		C9EC729B1CD8787900181B79 /* 23.jpg */ = {isa = PBXFileReference; lastKnownFileType = image.jpeg; path = 23.jpg; sourceTree = "<group>"; };
		C9EC729C1CD8787900181B79 /* 3.jpg */ = {isa = PBXFileReference; lastKnownFileType = image.jpeg; path = 3.jpg; sourceTree = "<group>"; };
		C9EC729D1CD8787900181B79 /* 4.jpg */ = {isa = PBXFileReference; lastKnownFileType = image.jpeg; path = 4.jpg; sourceTree = "<group>"; };
		C9EC729E1CD8787900181B79 /* 5.jpg */ = {isa = PBXFileReference; lastKnownFileType = image.jpeg; path = 5.jpg; sourceTree = "<group>"; };
		C9EC729F1CD8787900181B79 /* 6.jpg */ = {isa = PBXFileReference; lastKnownFileType = image.jpeg; path = 6.jpg; sourceTree = "<group>"; };
		C9EC72A01CD8787900181B79 /* 7.jpg */ = {isa = PBXFileReference; lastKnownFileType = image.jpeg; path = 7.jpg; sourceTree = "<group>"; };
		C9EC72A11CD8787900181B79 /* 8.jpg */ = {isa = PBXFileReference; lastKnownFileType = image.jpeg; path = 8.jpg; sourceTree = "<group>"; };
		C9EC72A21CD8787900181B79 /* 9.jpg */ = {isa = PBXFileReference; lastKnownFileType = image.jpeg; path = 9.jpg; sourceTree = "<group>"; };
		C9EC72A31CD8787900181B79 /* icon0.jpg */ = {isa = PBXFileReference; lastKnownFileType = image.jpeg; path = icon0.jpg; sourceTree = "<group>"; };
		C9EC72A41CD8787900181B79 /* icon1.jpg */ = {isa = PBXFileReference; lastKnownFileType = image.jpeg; path = icon1.jpg; sourceTree = "<group>"; };
		C9EC72A51CD8787900181B79 /* icon2.jpg */ = {isa = PBXFileReference; lastKnownFileType = image.jpeg; path = icon2.jpg; sourceTree = "<group>"; };
		C9EC72A61CD8787900181B79 /* icon3.jpg */ = {isa = PBXFileReference; lastKnownFileType = image.jpeg; path = icon3.jpg; sourceTree = "<group>"; };
		C9EC72A71CD8787900181B79 /* icon4.jpg */ = {isa = PBXFileReference; lastKnownFileType = image.jpeg; path = icon4.jpg; sourceTree = "<group>"; };
		C9EC72A81CD8787900181B79 /* Contacts.xcassets */ = {isa = PBXFileReference; lastKnownFileType = folder.assetcatalog; path = Contacts.xcassets; sourceTree = "<group>"; };
		C9EC72A91CD8787900181B79 /* Discover.xcassets */ = {isa = PBXFileReference; lastKnownFileType = folder.assetcatalog; path = Discover.xcassets; sourceTree = "<group>"; };
		C9EC72AA1CD8787900181B79 /* Home.xcassets */ = {isa = PBXFileReference; lastKnownFileType = folder.assetcatalog; path = Home.xcassets; sourceTree = "<group>"; };
		C9EC72AB1CD8787900181B79 /* Images.xcassets */ = {isa = PBXFileReference; lastKnownFileType = folder.assetcatalog; path = Images.xcassets; sourceTree = "<group>"; };
		C9EC72AC1CD8787900181B79 /* Me.xcassets */ = {isa = PBXFileReference; lastKnownFileType = folder.assetcatalog; path = Me.xcassets; sourceTree = "<group>"; };
		C9EC72AE1CD8787900181B79 /* test0.jpg */ = {isa = PBXFileReference; lastKnownFileType = image.jpeg; path = test0.jpg; sourceTree = "<group>"; };
		C9EC72AF1CD8787900181B79 /* test1.jpg */ = {isa = PBXFileReference; lastKnownFileType = image.jpeg; path = test1.jpg; sourceTree = "<group>"; };
		C9EC72B01CD8787900181B79 /* test2.jpg */ = {isa = PBXFileReference; lastKnownFileType = image.jpeg; path = test2.jpg; sourceTree = "<group>"; };
		C9EC72B11CD8787900181B79 /* test3.jpg */ = {isa = PBXFileReference; lastKnownFileType = image.jpeg; path = test3.jpg; sourceTree = "<group>"; };
		C9EC72B21CD8787900181B79 /* test4.jpg */ = {isa = PBXFileReference; lastKnownFileType = image.jpeg; path = test4.jpg; sourceTree = "<group>"; };
		C9EC72B41CD8787900181B79 /* pbg.jpg */ = {isa = PBXFileReference; lastKnownFileType = image.jpeg; path = pbg.jpg; sourceTree = "<group>"; };
		C9EC72B51CD8787900181B79 /* pic0.jpg */ = {isa = PBXFileReference; lastKnownFileType = image.jpeg; path = pic0.jpg; sourceTree = "<group>"; };
		C9EC72B61CD8787900181B79 /* pic1.jpg */ = {isa = PBXFileReference; lastKnownFileType = image.jpeg; path = pic1.jpg; sourceTree = "<group>"; };
		C9EC72B71CD8787900181B79 /* pic2.jpg */ = {isa = PBXFileReference; lastKnownFileType = image.jpeg; path = pic2.jpg; sourceTree = "<group>"; };
		C9EC72B81CD8787900181B79 /* pic3.jpg */ = {isa = PBXFileReference; lastKnownFileType = image.jpeg; path = pic3.jpg; sourceTree = "<group>"; };
		C9EC72B91CD8787900181B79 /* pic4.jpg */ = {isa = PBXFileReference; lastKnownFileType = image.jpeg; path = pic4.jpg; sourceTree = "<group>"; };
		C9EC72BA1CD8787900181B79 /* pic5.jpg */ = {isa = PBXFileReference; lastKnownFileType = image.jpeg; path = pic5.jpg; sourceTree = "<group>"; };
		C9EC72BB1CD8787900181B79 /* pic6.jpg */ = {isa = PBXFileReference; lastKnownFileType = image.jpeg; path = pic6.jpg; sourceTree = "<group>"; };
		C9EC72BC1CD8787900181B79 /* pic7.jpg */ = {isa = PBXFileReference; lastKnownFileType = image.jpeg; path = pic7.jpg; sourceTree = "<group>"; };
		C9EC72BD1CD8787900181B79 /* pic8.jpg */ = {isa = PBXFileReference; lastKnownFileType = image.jpeg; path = pic8.jpg; sourceTree = "<group>"; };
		C9EC72BE1CD8787900181B79 /* picon.jpg */ = {isa = PBXFileReference; lastKnownFileType = image.jpeg; path = picon.jpg; sourceTree = "<group>"; };
		C9EC72BF1CD8787900181B79 /* tx.jpeg */ = {isa = PBXFileReference; lastKnownFileType = image.jpeg; path = tx.jpeg; sourceTree = "<group>"; };
		C9EC72F31CD8796300181B79 /* MineViewController.h */ = {isa = PBXFileReference; fileEncoding = 4; lastKnownFileType = sourcecode.c.h; path = MineViewController.h; sourceTree = "<group>"; };
		C9EC72F41CD8796300181B79 /* MineViewController.m */ = {isa = PBXFileReference; fileEncoding = 4; lastKnownFileType = sourcecode.c.objc; path = MineViewController.m; sourceTree = "<group>"; };
		C9EC72F61CD8797000181B79 /* DiscoverViewController.h */ = {isa = PBXFileReference; fileEncoding = 4; lastKnownFileType = sourcecode.c.h; path = DiscoverViewController.h; sourceTree = "<group>"; };
		C9EC72F71CD8797000181B79 /* DiscoverViewController.m */ = {isa = PBXFileReference; fileEncoding = 4; lastKnownFileType = sourcecode.c.objc; path = DiscoverViewController.m; sourceTree = "<group>"; };
		C9EC72F91CD8797C00181B79 /* ContactsViewController.h */ = {isa = PBXFileReference; fileEncoding = 4; lastKnownFileType = sourcecode.c.h; path = ContactsViewController.h; sourceTree = "<group>"; };
		C9EC72FA1CD8797C00181B79 /* ContactsViewController.m */ = {isa = PBXFileReference; fileEncoding = 4; lastKnownFileType = sourcecode.c.objc; path = ContactsViewController.m; sourceTree = "<group>"; };
		C9ED44B81CC9ED1700C04163 /* AppUnit.h */ = {isa = PBXFileReference; fileEncoding = 4; lastKnownFileType = sourcecode.c.h; path = AppUnit.h; sourceTree = "<group>"; };
		C9ED44B91CC9ED1700C04163 /* AppUnit.m */ = {isa = PBXFileReference; fileEncoding = 4; lastKnownFileType = sourcecode.c.objc; path = AppUnit.m; sourceTree = "<group>"; };
		C9ED44BB1CC9F16500C04163 /* HomeCellTableViewCell.h */ = {isa = PBXFileReference; fileEncoding = 4; lastKnownFileType = sourcecode.c.h; path = HomeCellTableViewCell.h; sourceTree = "<group>"; };
		C9ED44BC1CC9F16500C04163 /* HomeCellTableViewCell.m */ = {isa = PBXFileReference; fileEncoding = 4; lastKnownFileType = sourcecode.c.objc; path = HomeCellTableViewCell.m; sourceTree = "<group>"; };
		C9ED92051CC866DE00E38BA9 /* weichat.app */ = {isa = PBXFileReference; explicitFileType = wrapper.application; includeInIndex = 0; path = weichat.app; sourceTree = BUILT_PRODUCTS_DIR; };
		C9ED92091CC866DE00E38BA9 /* main.m */ = {isa = PBXFileReference; lastKnownFileType = sourcecode.c.objc; path = main.m; sourceTree = "<group>"; };
		C9ED920B1CC866DE00E38BA9 /* AppDelegate.h */ = {isa = PBXFileReference; lastKnownFileType = sourcecode.c.h; path = AppDelegate.h; sourceTree = "<group>"; };
		C9ED920C1CC866DE00E38BA9 /* AppDelegate.m */ = {isa = PBXFileReference; lastKnownFileType = sourcecode.c.objc; path = AppDelegate.m; sourceTree = "<group>"; };
		C9ED920E1CC866DE00E38BA9 /* ViewController.h */ = {isa = PBXFileReference; lastKnownFileType = sourcecode.c.h; path = ViewController.h; sourceTree = "<group>"; };
		C9ED920F1CC866DE00E38BA9 /* ViewController.m */ = {isa = PBXFileReference; lastKnownFileType = sourcecode.c.objc; path = ViewController.m; sourceTree = "<group>"; };
		C9ED92121CC866DE00E38BA9 /* Base */ = {isa = PBXFileReference; lastKnownFileType = file.storyboard; name = Base; path = Base.lproj/Main.storyboard; sourceTree = "<group>"; };
		C9ED92141CC866DE00E38BA9 /* Assets.xcassets */ = {isa = PBXFileReference; lastKnownFileType = folder.assetcatalog; path = Assets.xcassets; sourceTree = "<group>"; };
		C9ED92171CC866DE00E38BA9 /* Base */ = {isa = PBXFileReference; lastKnownFileType = file.storyboard; name = Base; path = Base.lproj/LaunchScreen.storyboard; sourceTree = "<group>"; };
		C9ED92191CC866DE00E38BA9 /* Info.plist */ = {isa = PBXFileReference; lastKnownFileType = text.plist.xml; path = Info.plist; sourceTree = "<group>"; };
		C9ED921E1CC866DE00E38BA9 /* weichatTests.xctest */ = {isa = PBXFileReference; explicitFileType = wrapper.cfbundle; includeInIndex = 0; path = weichatTests.xctest; sourceTree = BUILT_PRODUCTS_DIR; };
		C9ED92221CC866DE00E38BA9 /* weichatTests.m */ = {isa = PBXFileReference; lastKnownFileType = sourcecode.c.objc; path = weichatTests.m; sourceTree = "<group>"; };
		C9ED92241CC866DE00E38BA9 /* Info.plist */ = {isa = PBXFileReference; lastKnownFileType = text.plist.xml; path = Info.plist; sourceTree = "<group>"; };
		C9ED92291CC866DE00E38BA9 /* weichatUITests.xctest */ = {isa = PBXFileReference; explicitFileType = wrapper.cfbundle; includeInIndex = 0; path = weichatUITests.xctest; sourceTree = BUILT_PRODUCTS_DIR; };
		C9ED922D1CC866DF00E38BA9 /* weichatUITests.m */ = {isa = PBXFileReference; lastKnownFileType = sourcecode.c.objc; path = weichatUITests.m; sourceTree = "<group>"; };
		C9ED922F1CC866DF00E38BA9 /* Info.plist */ = {isa = PBXFileReference; lastKnownFileType = text.plist.xml; path = Info.plist; sourceTree = "<group>"; };
		C9ED923C1CC8AE8300E38BA9 /* BaseTabBarController.h */ = {isa = PBXFileReference; fileEncoding = 4; lastKnownFileType = sourcecode.c.h; path = BaseTabBarController.h; sourceTree = "<group>"; };
		C9ED923D1CC8AE8300E38BA9 /* BaseTabBarController.m */ = {isa = PBXFileReference; fileEncoding = 4; lastKnownFileType = sourcecode.c.objc; path = BaseTabBarController.m; sourceTree = "<group>"; };
		C9ED92401CC8AED900E38BA9 /* Define.h */ = {isa = PBXFileReference; lastKnownFileType = sourcecode.c.h; path = Define.h; sourceTree = "<group>"; };
		C9ED92481CC8B32E00E38BA9 /* BaseViewController.h */ = {isa = PBXFileReference; fileEncoding = 4; lastKnownFileType = sourcecode.c.h; path = BaseViewController.h; sourceTree = "<group>"; };
		C9ED92491CC8B32E00E38BA9 /* BaseViewController.m */ = {isa = PBXFileReference; fileEncoding = 4; lastKnownFileType = sourcecode.c.objc; path = BaseViewController.m; sourceTree = "<group>"; };
		C9ED924B1CC8B3D400E38BA9 /* BaseNavigationVC.h */ = {isa = PBXFileReference; fileEncoding = 4; lastKnownFileType = sourcecode.c.h; path = BaseNavigationVC.h; sourceTree = "<group>"; };
		C9ED924C1CC8B3D400E38BA9 /* BaseNavigationVC.m */ = {isa = PBXFileReference; fileEncoding = 4; lastKnownFileType = sourcecode.c.objc; path = BaseNavigationVC.m; sourceTree = "<group>"; };
		C9ED924E1CC8B3FE00E38BA9 /* HomeViewController.h */ = {isa = PBXFileReference; fileEncoding = 4; lastKnownFileType = sourcecode.c.h; path = HomeViewController.h; sourceTree = "<group>"; };
		C9ED924F1CC8B3FE00E38BA9 /* HomeViewController.m */ = {isa = PBXFileReference; fileEncoding = 4; lastKnownFileType = sourcecode.c.objc; path = HomeViewController.m; sourceTree = "<group>"; };
		C9EDEDFA1CE0693B00D91281 /* TalkModel.h */ = {isa = PBXFileReference; fileEncoding = 4; lastKnownFileType = sourcecode.c.h; path = TalkModel.h; sourceTree = "<group>"; };
		C9EDEDFB1CE0693B00D91281 /* TalkModel.m */ = {isa = PBXFileReference; fileEncoding = 4; lastKnownFileType = sourcecode.c.objc; path = TalkModel.m; sourceTree = "<group>"; };
/* End PBXFileReference section */

/* Begin PBXFrameworksBuildPhase section */
		C9ED92021CC866DE00E38BA9 /* Frameworks */ = {
			isa = PBXFrameworksBuildPhase;
			buildActionMask = 2147483647;
			files = (
				12D0AE95C3366DD6998C5F46 /* libPods.a in Frameworks */,
			);
			runOnlyForDeploymentPostprocessing = 0;
		};
		C9ED921B1CC866DE00E38BA9 /* Frameworks */ = {
			isa = PBXFrameworksBuildPhase;
			buildActionMask = 2147483647;
			files = (
			);
			runOnlyForDeploymentPostprocessing = 0;
		};
		C9ED92261CC866DE00E38BA9 /* Frameworks */ = {
			isa = PBXFrameworksBuildPhase;
			buildActionMask = 2147483647;
			files = (
			);
			runOnlyForDeploymentPostprocessing = 0;
		};
/* End PBXFrameworksBuildPhase section */

/* Begin PBXGroup section */
		1D10EAE86767BF747EB2AAF5 /* Pods */ = {
			isa = PBXGroup;
			children = (
				B6FEF6EA54CE52A01EADF9B3 /* Pods.debug.xcconfig */,
				58D60A9BA8EFB3D42533AFD4 /* Pods.release.xcconfig */,
			);
			name = Pods;
			sourceTree = "<group>";
		};
		61E0D934814FCD5FB966BB0D /* Frameworks */ = {
			isa = PBXGroup;
			children = (
				0D3DDA2CF2A81A79E2497C8B /* libPods.a */,
			);
			name = Frameworks;
			sourceTree = "<group>";
		};
		C2F3F81B1CCE5C3C00522CA0 /* NetWork */ = {
			isa = PBXGroup;
			children = (
				C2F3F81C1CCE5C6000522CA0 /* NetRequest.h */,
				C2F3F81D1CCE5C6000522CA0 /* NetRequest.m */,
				C2F3F81F1CCE62AA00522CA0 /* MessageModel.h */,
				C2F3F8201CCE62AA00522CA0 /* MessageModel.m */,
			);
			name = NetWork;
			sourceTree = "<group>";
		};
		C9E86DFB1CDC2AA2007BF012 /* ContactAddBtn */ = {
			isa = PBXGroup;
			children = (
				C9E86DFC1CDC2B12007BF012 /* ContactAddTableVC.h */,
				C9E86DFF1CDC2D4A007BF012 /* ContactAddView.h */,
				C9E86E001CDC2D4A007BF012 /* ContactAddView.m */,
				C9E86DFD1CDC2B12007BF012 /* ContactAddTableVC.m */,
			);
			name = ContactAddBtn;
			sourceTree = "<group>";
		};
		C9E86E021CDC66DC007BF012 /* Message */ = {
			isa = PBXGroup;
			children = (
				C9EDEDFA1CE0693B00D91281 /* TalkModel.h */,
				C9EDEDFB1CE0693B00D91281 /* TalkModel.m */,
				C9EAB2F31CE18BDB00F29AE3 /* MsgMOdel.h */,
				C9EAB2F41CE18BDB00F29AE3 /* MsgMOdel.m */,
				C9EAB2F61CE1E2A300F29AE3 /* MessageVC.h */,
				C9EAB2F71CE1E2A300F29AE3 /* MessageVC.m */,
			);
			name = Message;
			sourceTree = "<group>";
		};
		C9E86E031CDC8C82007BF012 /* Data */ = {
			isa = PBXGroup;
			children = (
				C9E86E041CDC8CEA007BF012 /* FmdbClass.h */,
				C9E86E051CDC8CEA007BF012 /* FmdbClass.m */,
			);
			name = Data;
			sourceTree = "<group>";
		};
		C9EC72891CD8787900181B79 /* Images */ = {
			isa = PBXGroup;
			children = (
				C9EC728A1CD8787900181B79 /* cell_icons */,
				C9EC72A81CD8787900181B79 /* Contacts.xcassets */,
				C9EC72A91CD8787900181B79 /* Discover.xcassets */,
				C9EC72AA1CD8787900181B79 /* Home.xcassets */,
				C9EC72AB1CD8787900181B79 /* Images.xcassets */,
				C9EC72AC1CD8787900181B79 /* Me.xcassets */,
				C9EC72AD1CD8787900181B79 /* test */,
				C9EC72B31CD8787900181B79 /* TimeLineImages */,
				C9EC72BF1CD8787900181B79 /* tx.jpeg */,
			);
			path = Images;
			sourceTree = "<group>";
		};
		C9EC728A1CD8787900181B79 /* cell_icons */ = {
			isa = PBXGroup;
			children = (
				C9EC728B1CD8787900181B79 /* 0.jpg */,
				C9EC728C1CD8787900181B79 /* 1.jpg */,
				C9EC728D1CD8787900181B79 /* 10.jpg */,
				C9EC728E1CD8787900181B79 /* 11.jpg */,
				C9EC728F1CD8787900181B79 /* 12.jpg */,
				C9EC72901CD8787900181B79 /* 13.jpg */,
				C9EC72911CD8787900181B79 /* 14.jpg */,
				C9EC72921CD8787900181B79 /* 15.jpg */,
				C9EC72931CD8787900181B79 /* 16.jpg */,
				C9EC72941CD8787900181B79 /* 17.jpg */,
				C9EC72951CD8787900181B79 /* 18.jpg */,
				C9EC72961CD8787900181B79 /* 19.jpg */,
				C9EC72971CD8787900181B79 /* 2.jpg */,
				C9EC72981CD8787900181B79 /* 20.jpg */,
				C9EC72991CD8787900181B79 /* 21.jpg */,
				C9EC729A1CD8787900181B79 /* 22.jpg */,
				C9EC729B1CD8787900181B79 /* 23.jpg */,
				C9EC729C1CD8787900181B79 /* 3.jpg */,
				C9EC729D1CD8787900181B79 /* 4.jpg */,
				C9EC729E1CD8787900181B79 /* 5.jpg */,
				C9EC729F1CD8787900181B79 /* 6.jpg */,
				C9EC72A01CD8787900181B79 /* 7.jpg */,
				C9EC72A11CD8787900181B79 /* 8.jpg */,
				C9EC72A21CD8787900181B79 /* 9.jpg */,
				C9EC72A31CD8787900181B79 /* icon0.jpg */,
				C9EC72A41CD8787900181B79 /* icon1.jpg */,
				C9EC72A51CD8787900181B79 /* icon2.jpg */,
				C9EC72A61CD8787900181B79 /* icon3.jpg */,
				C9EC72A71CD8787900181B79 /* icon4.jpg */,
			);
			path = cell_icons;
			sourceTree = "<group>";
		};
		C9EC72AD1CD8787900181B79 /* test */ = {
			isa = PBXGroup;
			children = (
				C9EC72AE1CD8787900181B79 /* test0.jpg */,
				C9EC72AF1CD8787900181B79 /* test1.jpg */,
				C9EC72B01CD8787900181B79 /* test2.jpg */,
				C9EC72B11CD8787900181B79 /* test3.jpg */,
				C9EC72B21CD8787900181B79 /* test4.jpg */,
			);
			path = test;
			sourceTree = "<group>";
		};
		C9EC72B31CD8787900181B79 /* TimeLineImages */ = {
			isa = PBXGroup;
			children = (
				C9EC72B41CD8787900181B79 /* pbg.jpg */,
				C9EC72B51CD8787900181B79 /* pic0.jpg */,
				C9EC72B61CD8787900181B79 /* pic1.jpg */,
				C9EC72B71CD8787900181B79 /* pic2.jpg */,
				C9EC72B81CD8787900181B79 /* pic3.jpg */,
				C9EC72B91CD8787900181B79 /* pic4.jpg */,
				C9EC72BA1CD8787900181B79 /* pic5.jpg */,
				C9EC72BB1CD8787900181B79 /* pic6.jpg */,
				C9EC72BC1CD8787900181B79 /* pic7.jpg */,
				C9EC72BD1CD8787900181B79 /* pic8.jpg */,
				C9EC72BE1CD8787900181B79 /* picon.jpg */,
			);
			path = TimeLineImages;
			sourceTree = "<group>";
		};
		C9ED91FC1CC866DE00E38BA9 = {
			isa = PBXGroup;
			children = (
				C9ED92071CC866DE00E38BA9 /* weichat */,
				C9ED92211CC866DE00E38BA9 /* weichatTests */,
				C9ED922C1CC866DF00E38BA9 /* weichatUITests */,
				C9ED92061CC866DE00E38BA9 /* Products */,
				1D10EAE86767BF747EB2AAF5 /* Pods */,
				61E0D934814FCD5FB966BB0D /* Frameworks */,
			);
			sourceTree = "<group>";
		};
		C9ED92061CC866DE00E38BA9 /* Products */ = {
			isa = PBXGroup;
			children = (
				C9ED92051CC866DE00E38BA9 /* weichat.app */,
				C9ED921E1CC866DE00E38BA9 /* weichatTests.xctest */,
				C9ED92291CC866DE00E38BA9 /* weichatUITests.xctest */,
			);
			name = Products;
			sourceTree = "<group>";
		};
		C9ED92071CC866DE00E38BA9 /* weichat */ = {
			isa = PBXGroup;
			children = (
				C9E86E031CDC8C82007BF012 /* Data */,
				C9EC72891CD8787900181B79 /* Images */,
				C2F3F81B1CCE5C3C00522CA0 /* NetWork */,
				C9ED92441CC8B27B00E38BA9 /* Mine */,
				C9ED92431CC8B26C00E38BA9 /* Discover */,
				C9ED92421CC8B23C00E38BA9 /* Contacts */,
				C9ED92411CC8B22300E38BA9 /* Home */,
				C9ED923F1CC8AEC100E38BA9 /* Others */,
				C9ED923B1CC8AE0F00E38BA9 /* TabBarController */,
				C9ED920B1CC866DE00E38BA9 /* AppDelegate.h */,
				C9ED920C1CC866DE00E38BA9 /* AppDelegate.m */,
				C9ED920E1CC866DE00E38BA9 /* ViewController.h */,
				C9ED920F1CC866DE00E38BA9 /* ViewController.m */,
				C9ED92111CC866DE00E38BA9 /* Main.storyboard */,
				C9ED92141CC866DE00E38BA9 /* Assets.xcassets */,
				C9ED92161CC866DE00E38BA9 /* LaunchScreen.storyboard */,
				C9ED92191CC866DE00E38BA9 /* Info.plist */,
				C9ED92081CC866DE00E38BA9 /* Supporting Files */,
			);
			path = weichat;
			sourceTree = "<group>";
		};
		C9ED92081CC866DE00E38BA9 /* Supporting Files */ = {
			isa = PBXGroup;
			children = (
				C9ED92091CC866DE00E38BA9 /* main.m */,
			);
			name = "Supporting Files";
			sourceTree = "<group>";
		};
		C9ED92211CC866DE00E38BA9 /* weichatTests */ = {
			isa = PBXGroup;
			children = (
				C9ED92221CC866DE00E38BA9 /* weichatTests.m */,
				C9ED92241CC866DE00E38BA9 /* Info.plist */,
			);
			path = weichatTests;
			sourceTree = "<group>";
		};
		C9ED922C1CC866DF00E38BA9 /* weichatUITests */ = {
			isa = PBXGroup;
			children = (
				C9ED922D1CC866DF00E38BA9 /* weichatUITests.m */,
				C9ED922F1CC866DF00E38BA9 /* Info.plist */,
			);
			path = weichatUITests;
			sourceTree = "<group>";
		};
		C9ED923B1CC8AE0F00E38BA9 /* TabBarController */ = {
			isa = PBXGroup;
			children = (
				C9ED923C1CC8AE8300E38BA9 /* BaseTabBarController.h */,
				C9ED923D1CC8AE8300E38BA9 /* BaseTabBarController.m */,
				C9ED92481CC8B32E00E38BA9 /* BaseViewController.h */,
				C9ED92491CC8B32E00E38BA9 /* BaseViewController.m */,
				C9ED924B1CC8B3D400E38BA9 /* BaseNavigationVC.h */,
				C9ED924C1CC8B3D400E38BA9 /* BaseNavigationVC.m */,
			);
			name = TabBarController;
			sourceTree = "<group>";
		};
		C9ED923F1CC8AEC100E38BA9 /* Others */ = {
			isa = PBXGroup;
			children = (
				C9ED92401CC8AED900E38BA9 /* Define.h */,
				C9ED44B81CC9ED1700C04163 /* AppUnit.h */,
				C9ED44B91CC9ED1700C04163 /* AppUnit.m */,
			);
			name = Others;
			sourceTree = "<group>";
		};
		C9ED92411CC8B22300E38BA9 /* Home */ = {
			isa = PBXGroup;
			children = (
				C9E86E021CDC66DC007BF012 /* Message */,
				C9E86DFB1CDC2AA2007BF012 /* ContactAddBtn */,
				C9ED924E1CC8B3FE00E38BA9 /* HomeViewController.h */,
				C9ED924F1CC8B3FE00E38BA9 /* HomeViewController.m */,
				C9ED44BB1CC9F16500C04163 /* HomeCellTableViewCell.h */,
				C9ED44BC1CC9F16500C04163 /* HomeCellTableViewCell.m */,
			);
			name = Home;
			sourceTree = "<group>";
		};
		C9ED92421CC8B23C00E38BA9 /* Contacts */ = {
			isa = PBXGroup;
			children = (
				C9EC72F91CD8797C00181B79 /* ContactsViewController.h */,
				C9EC72FA1CD8797C00181B79 /* ContactsViewController.m */,
			);
			name = Contacts;
			sourceTree = "<group>";
		};
		C9ED92431CC8B26C00E38BA9 /* Discover */ = {
			isa = PBXGroup;
			children = (
				C9EC72F61CD8797000181B79 /* DiscoverViewController.h */,
				C9EC72F71CD8797000181B79 /* DiscoverViewController.m */,
			);
			name = Discover;
			sourceTree = "<group>";
		};
		C9ED92441CC8B27B00E38BA9 /* Mine */ = {
			isa = PBXGroup;
			children = (
				C9EC72F31CD8796300181B79 /* MineViewController.h */,
				C9EC72F41CD8796300181B79 /* MineViewController.m */,
			);
			name = Mine;
			sourceTree = "<group>";
		};
/* End PBXGroup section */

/* Begin PBXNativeTarget section */
		C9ED92041CC866DE00E38BA9 /* weichat */ = {
			isa = PBXNativeTarget;
			buildConfigurationList = C9ED92321CC866DF00E38BA9 /* Build configuration list for PBXNativeTarget "weichat" */;
			buildPhases = (
				BBD88BDF64750B22BEEE30B6 /* Check Pods Manifest.lock */,
				C9ED92011CC866DE00E38BA9 /* Sources */,
				C9ED92021CC866DE00E38BA9 /* Frameworks */,
				C9ED92031CC866DE00E38BA9 /* Resources */,
				73052E616EB8C2812F567EE2 /* Copy Pods Resources */,
				E4F4BA09E50689BEF8EC558F /* Embed Pods Frameworks */,
			);
			buildRules = (
			);
			dependencies = (
			);
			name = weichat;
			productName = weichat;
			productReference = C9ED92051CC866DE00E38BA9 /* weichat.app */;
			productType = "com.apple.product-type.application";
		};
		C9ED921D1CC866DE00E38BA9 /* weichatTests */ = {
			isa = PBXNativeTarget;
			buildConfigurationList = C9ED92351CC866DF00E38BA9 /* Build configuration list for PBXNativeTarget "weichatTests" */;
			buildPhases = (
				C9ED921A1CC866DE00E38BA9 /* Sources */,
				C9ED921B1CC866DE00E38BA9 /* Frameworks */,
				C9ED921C1CC866DE00E38BA9 /* Resources */,
			);
			buildRules = (
			);
			dependencies = (
				C9ED92201CC866DE00E38BA9 /* PBXTargetDependency */,
			);
			name = weichatTests;
			productName = weichatTests;
			productReference = C9ED921E1CC866DE00E38BA9 /* weichatTests.xctest */;
			productType = "com.apple.product-type.bundle.unit-test";
		};
		C9ED92281CC866DE00E38BA9 /* weichatUITests */ = {
			isa = PBXNativeTarget;
			buildConfigurationList = C9ED92381CC866DF00E38BA9 /* Build configuration list for PBXNativeTarget "weichatUITests" */;
			buildPhases = (
				C9ED92251CC866DE00E38BA9 /* Sources */,
				C9ED92261CC866DE00E38BA9 /* Frameworks */,
				C9ED92271CC866DE00E38BA9 /* Resources */,
			);
			buildRules = (
			);
			dependencies = (
				C9ED922B1CC866DE00E38BA9 /* PBXTargetDependency */,
			);
			name = weichatUITests;
			productName = weichatUITests;
			productReference = C9ED92291CC866DE00E38BA9 /* weichatUITests.xctest */;
			productType = "com.apple.product-type.bundle.ui-testing";
		};
/* End PBXNativeTarget section */

/* Begin PBXProject section */
		C9ED91FD1CC866DE00E38BA9 /* Project object */ = {
			isa = PBXProject;
			attributes = {
				LastUpgradeCheck = 0720;
				ORGANIZATIONNAME = GongJunNan;
				TargetAttributes = {
					C9ED92041CC866DE00E38BA9 = {
						CreatedOnToolsVersion = 7.2.1;
						DevelopmentTeam = G6UDY5FHUX;
					};
					C9ED921D1CC866DE00E38BA9 = {
						CreatedOnToolsVersion = 7.2.1;
						TestTargetID = C9ED92041CC866DE00E38BA9;
					};
					C9ED92281CC866DE00E38BA9 = {
						CreatedOnToolsVersion = 7.2.1;
						TestTargetID = C9ED92041CC866DE00E38BA9;
					};
				};
			};
			buildConfigurationList = C9ED92001CC866DE00E38BA9 /* Build configuration list for PBXProject "weichat" */;
			compatibilityVersion = "Xcode 3.2";
			developmentRegion = English;
			hasScannedForEncodings = 0;
			knownRegions = (
				en,
				Base,
			);
			mainGroup = C9ED91FC1CC866DE00E38BA9;
			productRefGroup = C9ED92061CC866DE00E38BA9 /* Products */;
			projectDirPath = "";
			projectRoot = "";
			targets = (
				C9ED92041CC866DE00E38BA9 /* weichat */,
				C9ED921D1CC866DE00E38BA9 /* weichatTests */,
				C9ED92281CC866DE00E38BA9 /* weichatUITests */,
			);
		};
/* End PBXProject section */

/* Begin PBXResourcesBuildPhase section */
		C9ED92031CC866DE00E38BA9 /* Resources */ = {
			isa = PBXResourcesBuildPhase;
			buildActionMask = 2147483647;
			files = (
				C9EC72E71CD8787900181B79 /* pbg.jpg in Resources */,
				C9EC72DD1CD8787900181B79 /* Contacts.xcassets in Resources */,
				C9EC72D91CD8787900181B79 /* icon1.jpg in Resources */,
				C9EC72D21CD8787900181B79 /* 4.jpg in Resources */,
				C9EC72CF1CD8787900181B79 /* 22.jpg in Resources */,
				C9EC72C91CD8787900181B79 /* 17.jpg in Resources */,
				C9EC72C61CD8787900181B79 /* 14.jpg in Resources */,
				C9EC72EC1CD8787900181B79 /* pic4.jpg in Resources */,
				C9EC72CD1CD8787900181B79 /* 20.jpg in Resources */,
				C9EC72E11CD8787900181B79 /* Me.xcassets in Resources */,
				C9EC72C41CD8787900181B79 /* 12.jpg in Resources */,
				C9EC72EE1CD8787900181B79 /* pic6.jpg in Resources */,
				C9EC72C51CD8787900181B79 /* 13.jpg in Resources */,
				C9EC72E01CD8787900181B79 /* Images.xcassets in Resources */,
				C9EC72C01CD8787900181B79 /* 0.jpg in Resources */,
				C9EC72F11CD8787900181B79 /* picon.jpg in Resources */,
				C9EC72C81CD8787900181B79 /* 16.jpg in Resources */,
				C9EC72CC1CD8787900181B79 /* 2.jpg in Resources */,
				C9EC72DA1CD8787900181B79 /* icon2.jpg in Resources */,
				C9ED92181CC866DE00E38BA9 /* LaunchScreen.storyboard in Resources */,
				C9EC72EF1CD8787900181B79 /* pic7.jpg in Resources */,
				C9EC72D01CD8787900181B79 /* 23.jpg in Resources */,
				C9EC72D51CD8787900181B79 /* 7.jpg in Resources */,
				C9EC72EA1CD8787900181B79 /* pic2.jpg in Resources */,
				C9EC72E81CD8787900181B79 /* pic0.jpg in Resources */,
				C9EC72DE1CD8787900181B79 /* Discover.xcassets in Resources */,
				C9EC72EB1CD8787900181B79 /* pic3.jpg in Resources */,
				C9ED92151CC866DE00E38BA9 /* Assets.xcassets in Resources */,
				C9EC72DF1CD8787900181B79 /* Home.xcassets in Resources */,
				C9EC72D11CD8787900181B79 /* 3.jpg in Resources */,
				C9EC72E21CD8787900181B79 /* test0.jpg in Resources */,
				C9EC72E31CD8787900181B79 /* test1.jpg in Resources */,
				C9ED92131CC866DE00E38BA9 /* Main.storyboard in Resources */,
				C9EC72F21CD8787900181B79 /* tx.jpeg in Resources */,
				C9EC72C21CD8787900181B79 /* 10.jpg in Resources */,
				C9EC72E41CD8787900181B79 /* test2.jpg in Resources */,
				C9EC72CB1CD8787900181B79 /* 19.jpg in Resources */,
				C9EC72D71CD8787900181B79 /* 9.jpg in Resources */,
				C9EC72E91CD8787900181B79 /* pic1.jpg in Resources */,
				C9EC72ED1CD8787900181B79 /* pic5.jpg in Resources */,
				C9EC72DC1CD8787900181B79 /* icon4.jpg in Resources */,
				C9EC72F01CD8787900181B79 /* pic8.jpg in Resources */,
				C9EC72D61CD8787900181B79 /* 8.jpg in Resources */,
				C9EC72C31CD8787900181B79 /* 11.jpg in Resources */,
				C9EC72DB1CD8787900181B79 /* icon3.jpg in Resources */,
				C9EC72D41CD8787900181B79 /* 6.jpg in Resources */,
				C9EC72C11CD8787900181B79 /* 1.jpg in Resources */,
				C9EC72D31CD8787900181B79 /* 5.jpg in Resources */,
				C9EC72CA1CD8787900181B79 /* 18.jpg in Resources */,
				C9EC72E51CD8787900181B79 /* test3.jpg in Resources */,
				C9EC72E61CD8787900181B79 /* test4.jpg in Resources */,
				C9EC72D81CD8787900181B79 /* icon0.jpg in Resources */,
				C9EC72CE1CD8787900181B79 /* 21.jpg in Resources */,
				C9EC72C71CD8787900181B79 /* 15.jpg in Resources */,
			);
			runOnlyForDeploymentPostprocessing = 0;
		};
		C9ED921C1CC866DE00E38BA9 /* Resources */ = {
			isa = PBXResourcesBuildPhase;
			buildActionMask = 2147483647;
			files = (
			);
			runOnlyForDeploymentPostprocessing = 0;
		};
		C9ED92271CC866DE00E38BA9 /* Resources */ = {
			isa = PBXResourcesBuildPhase;
			buildActionMask = 2147483647;
			files = (
			);
			runOnlyForDeploymentPostprocessing = 0;
		};
/* End PBXResourcesBuildPhase section */

/* Begin PBXShellScriptBuildPhase section */
		73052E616EB8C2812F567EE2 /* Copy Pods Resources */ = {
			isa = PBXShellScriptBuildPhase;
			buildActionMask = 2147483647;
			files = (
			);
			inputPaths = (
			);
			name = "Copy Pods Resources";
			outputPaths = (
			);
			runOnlyForDeploymentPostprocessing = 0;
			shellPath = /bin/sh;
			shellScript = "\"${SRCROOT}/Pods/Target Support Files/Pods/Pods-resources.sh\"\n";
			showEnvVarsInLog = 0;
		};
		BBD88BDF64750B22BEEE30B6 /* Check Pods Manifest.lock */ = {
			isa = PBXShellScriptBuildPhase;
			buildActionMask = 2147483647;
			files = (
			);
			inputPaths = (
			);
			name = "Check Pods Manifest.lock";
			outputPaths = (
			);
			runOnlyForDeploymentPostprocessing = 0;
			shellPath = /bin/sh;
			shellScript = "diff \"${PODS_ROOT}/../Podfile.lock\" \"${PODS_ROOT}/Manifest.lock\" > /dev/null\nif [[ $? != 0 ]] ; then\n    cat << EOM\nerror: The sandbox is not in sync with the Podfile.lock. Run 'pod install' or update your CocoaPods installation.\nEOM\n    exit 1\nfi\n";
			showEnvVarsInLog = 0;
		};
		E4F4BA09E50689BEF8EC558F /* Embed Pods Frameworks */ = {
			isa = PBXShellScriptBuildPhase;
			buildActionMask = 2147483647;
			files = (
			);
			inputPaths = (
			);
			name = "Embed Pods Frameworks";
			outputPaths = (
			);
			runOnlyForDeploymentPostprocessing = 0;
			shellPath = /bin/sh;
			shellScript = "\"${SRCROOT}/Pods/Target Support Files/Pods/Pods-frameworks.sh\"\n";
			showEnvVarsInLog = 0;
		};
/* End PBXShellScriptBuildPhase section */

/* Begin PBXSourcesBuildPhase section */
		C9ED92011CC866DE00E38BA9 /* Sources */ = {
			isa = PBXSourcesBuildPhase;
			buildActionMask = 2147483647;
			files = (
				C9ED923E1CC8AE8300E38BA9 /* BaseTabBarController.m in Sources */,
				C9ED924A1CC8B32E00E38BA9 /* BaseViewController.m in Sources */,
				C9ED92101CC866DE00E38BA9 /* ViewController.m in Sources */,
				C9EDEDFC1CE0693B00D91281 /* TalkModel.m in Sources */,
				C9EC72FB1CD8797C00181B79 /* ContactsViewController.m in Sources */,
				C9EC72F51CD8796300181B79 /* MineViewController.m in Sources */,
				C9E86E061CDC8CEA007BF012 /* FmdbClass.m in Sources */,
				C9EC72F81CD8797000181B79 /* DiscoverViewController.m in Sources */,
				C9ED924D1CC8B3D400E38BA9 /* BaseNavigationVC.m in Sources */,
				C9E86DFE1CDC2B12007BF012 /* ContactAddTableVC.m in Sources */,
				C9ED920D1CC866DE00E38BA9 /* AppDelegate.m in Sources */,
				C2F3F81E1CCE5C6000522CA0 /* NetRequest.m in Sources */,
				C9EAB2F81CE1E2A300F29AE3 /* MessageVC.m in Sources */,
				C9EAB2F51CE18BDB00F29AE3 /* MsgMOdel.m in Sources */,
				C9ED44BA1CC9ED1700C04163 /* AppUnit.m in Sources */,
				C9E86E011CDC2D4A007BF012 /* ContactAddView.m in Sources */,
				C9ED92501CC8B3FE00E38BA9 /* HomeViewController.m in Sources */,
				C9ED44BD1CC9F16500C04163 /* HomeCellTableViewCell.m in Sources */,
				C9ED920A1CC866DE00E38BA9 /* main.m in Sources */,
				C2F3F8211CCE62AA00522CA0 /* MessageModel.m in Sources */,
			);
			runOnlyForDeploymentPostprocessing = 0;
		};
		C9ED921A1CC866DE00E38BA9 /* Sources */ = {
			isa = PBXSourcesBuildPhase;
			buildActionMask = 2147483647;
			files = (
				C9ED92231CC866DE00E38BA9 /* weichatTests.m in Sources */,
			);
			runOnlyForDeploymentPostprocessing = 0;
		};
		C9ED92251CC866DE00E38BA9 /* Sources */ = {
			isa = PBXSourcesBuildPhase;
			buildActionMask = 2147483647;
			files = (
				C9ED922E1CC866DF00E38BA9 /* weichatUITests.m in Sources */,
			);
			runOnlyForDeploymentPostprocessing = 0;
		};
/* End PBXSourcesBuildPhase section */

/* Begin PBXTargetDependency section */
		C9ED92201CC866DE00E38BA9 /* PBXTargetDependency */ = {
			isa = PBXTargetDependency;
			target = C9ED92041CC866DE00E38BA9 /* weichat */;
			targetProxy = C9ED921F1CC866DE00E38BA9 /* PBXContainerItemProxy */;
		};
		C9ED922B1CC866DE00E38BA9 /* PBXTargetDependency */ = {
			isa = PBXTargetDependency;
			target = C9ED92041CC866DE00E38BA9 /* weichat */;
			targetProxy = C9ED922A1CC866DE00E38BA9 /* PBXContainerItemProxy */;
		};
/* End PBXTargetDependency section */

/* Begin PBXVariantGroup section */
		C9ED92111CC866DE00E38BA9 /* Main.storyboard */ = {
			isa = PBXVariantGroup;
			children = (
				C9ED92121CC866DE00E38BA9 /* Base */,
			);
			name = Main.storyboard;
			sourceTree = "<group>";
		};
		C9ED92161CC866DE00E38BA9 /* LaunchScreen.storyboard */ = {
			isa = PBXVariantGroup;
			children = (
				C9ED92171CC866DE00E38BA9 /* Base */,
			);
			name = LaunchScreen.storyboard;
			sourceTree = "<group>";
		};
/* End PBXVariantGroup section */

/* Begin XCBuildConfiguration section */
		C9ED92301CC866DF00E38BA9 /* Debug */ = {
			isa = XCBuildConfiguration;
			buildSettings = {
				ALWAYS_SEARCH_USER_PATHS = NO;
				CLANG_CXX_LANGUAGE_STANDARD = "gnu++0x";
				CLANG_CXX_LIBRARY = "libc++";
				CLANG_ENABLE_MODULES = YES;
				CLANG_ENABLE_OBJC_ARC = YES;
				CLANG_WARN_BOOL_CONVERSION = YES;
				CLANG_WARN_CONSTANT_CONVERSION = YES;
				CLANG_WARN_DIRECT_OBJC_ISA_USAGE = YES_ERROR;
				CLANG_WARN_EMPTY_BODY = YES;
				CLANG_WARN_ENUM_CONVERSION = YES;
				CLANG_WARN_INT_CONVERSION = YES;
				CLANG_WARN_OBJC_ROOT_CLASS = YES_ERROR;
				CLANG_WARN_UNREACHABLE_CODE = YES;
				CLANG_WARN__DUPLICATE_METHOD_MATCH = YES;
				"CODE_SIGN_IDENTITY[sdk=iphoneos*]" = "iPhone Developer";
				COPY_PHASE_STRIP = NO;
				DEBUG_INFORMATION_FORMAT = dwarf;
				ENABLE_STRICT_OBJC_MSGSEND = YES;
				ENABLE_TESTABILITY = YES;
				GCC_C_LANGUAGE_STANDARD = gnu99;
				GCC_DYNAMIC_NO_PIC = NO;
				GCC_NO_COMMON_BLOCKS = YES;
				GCC_OPTIMIZATION_LEVEL = 0;
				GCC_PREPROCESSOR_DEFINITIONS = (
					"DEBUG=1",
					"$(inherited)",
				);
				GCC_WARN_64_TO_32_BIT_CONVERSION = YES;
				GCC_WARN_ABOUT_RETURN_TYPE = YES_ERROR;
				GCC_WARN_UNDECLARED_SELECTOR = YES;
				GCC_WARN_UNINITIALIZED_AUTOS = YES_AGGRESSIVE;
				GCC_WARN_UNUSED_FUNCTION = YES;
				GCC_WARN_UNUSED_VARIABLE = YES;
				IPHONEOS_DEPLOYMENT_TARGET = 9.2;
				MTL_ENABLE_DEBUG_INFO = YES;
				ONLY_ACTIVE_ARCH = YES;
				SDKROOT = iphoneos;
				TARGETED_DEVICE_FAMILY = "1,2";
			};
			name = Debug;
		};
		C9ED92311CC866DF00E38BA9 /* Release */ = {
			isa = XCBuildConfiguration;
			buildSettings = {
				ALWAYS_SEARCH_USER_PATHS = NO;
				CLANG_CXX_LANGUAGE_STANDARD = "gnu++0x";
				CLANG_CXX_LIBRARY = "libc++";
				CLANG_ENABLE_MODULES = YES;
				CLANG_ENABLE_OBJC_ARC = YES;
				CLANG_WARN_BOOL_CONVERSION = YES;
				CLANG_WARN_CONSTANT_CONVERSION = YES;
				CLANG_WARN_DIRECT_OBJC_ISA_USAGE = YES_ERROR;
				CLANG_WARN_EMPTY_BODY = YES;
				CLANG_WARN_ENUM_CONVERSION = YES;
				CLANG_WARN_INT_CONVERSION = YES;
				CLANG_WARN_OBJC_ROOT_CLASS = YES_ERROR;
				CLANG_WARN_UNREACHABLE_CODE = YES;
				CLANG_WARN__DUPLICATE_METHOD_MATCH = YES;
				"CODE_SIGN_IDENTITY[sdk=iphoneos*]" = "iPhone Developer";
				COPY_PHASE_STRIP = NO;
				DEBUG_INFORMATION_FORMAT = "dwarf-with-dsym";
				ENABLE_NS_ASSERTIONS = NO;
				ENABLE_STRICT_OBJC_MSGSEND = YES;
				GCC_C_LANGUAGE_STANDARD = gnu99;
				GCC_NO_COMMON_BLOCKS = YES;
				GCC_WARN_64_TO_32_BIT_CONVERSION = YES;
				GCC_WARN_ABOUT_RETURN_TYPE = YES_ERROR;
				GCC_WARN_UNDECLARED_SELECTOR = YES;
				GCC_WARN_UNINITIALIZED_AUTOS = YES_AGGRESSIVE;
				GCC_WARN_UNUSED_FUNCTION = YES;
				GCC_WARN_UNUSED_VARIABLE = YES;
				IPHONEOS_DEPLOYMENT_TARGET = 9.2;
				MTL_ENABLE_DEBUG_INFO = NO;
				SDKROOT = iphoneos;
				TARGETED_DEVICE_FAMILY = "1,2";
				VALIDATE_PRODUCT = YES;
			};
			name = Release;
		};
		C9ED92331CC866DF00E38BA9 /* Debug */ = {
			isa = XCBuildConfiguration;
			baseConfigurationReference = B6FEF6EA54CE52A01EADF9B3 /* Pods.debug.xcconfig */;
			buildSettings = {
				ASSETCATALOG_COMPILER_APPICON_NAME = AppIcon;
				ASSETCATALOG_COMPILER_LAUNCHIMAGE_NAME = LaunchImage;
				CODE_SIGN_IDENTITY = "iPhone Developer";
				INFOPLIST_FILE = weichat/Info.plist;
				LD_RUNPATH_SEARCH_PATHS = "$(inherited) @executable_path/Frameworks";
				PRODUCT_BUNDLE_IDENTIFIER = com.yinlian.weichat;
				PRODUCT_NAME = "$(TARGET_NAME)";
			};
			name = Debug;
		};
		C9ED92341CC866DF00E38BA9 /* Release */ = {
			isa = XCBuildConfiguration;
			baseConfigurationReference = 58D60A9BA8EFB3D42533AFD4 /* Pods.release.xcconfig */;
			buildSettings = {
				ASSETCATALOG_COMPILER_APPICON_NAME = AppIcon;
				ASSETCATALOG_COMPILER_LAUNCHIMAGE_NAME = LaunchImage;
				CODE_SIGN_IDENTITY = "iPhone Developer";
				INFOPLIST_FILE = weichat/Info.plist;
				LD_RUNPATH_SEARCH_PATHS = "$(inherited) @executable_path/Frameworks";
				PRODUCT_BUNDLE_IDENTIFIER = com.yinlian.weichat;
				PRODUCT_NAME = "$(TARGET_NAME)";
			};
			name = Release;
		};
		C9ED92361CC866DF00E38BA9 /* Debug */ = {
			isa = XCBuildConfiguration;
			buildSettings = {
				BUNDLE_LOADER = "$(TEST_HOST)";
				INFOPLIST_FILE = weichatTests/Info.plist;
				LD_RUNPATH_SEARCH_PATHS = "$(inherited) @executable_path/Frameworks @loader_path/Frameworks";
				PRODUCT_BUNDLE_IDENTIFIER = com.yinlian.weichatTests;
				PRODUCT_NAME = "$(TARGET_NAME)";
				TEST_HOST = "$(BUILT_PRODUCTS_DIR)/weichat.app/weichat";
			};
			name = Debug;
		};
		C9ED92371CC866DF00E38BA9 /* Release */ = {
			isa = XCBuildConfiguration;
			buildSettings = {
				BUNDLE_LOADER = "$(TEST_HOST)";
				INFOPLIST_FILE = weichatTests/Info.plist;
				LD_RUNPATH_SEARCH_PATHS = "$(inherited) @executable_path/Frameworks @loader_path/Frameworks";
				PRODUCT_BUNDLE_IDENTIFIER = com.yinlian.weichatTests;
				PRODUCT_NAME = "$(TARGET_NAME)";
				TEST_HOST = "$(BUILT_PRODUCTS_DIR)/weichat.app/weichat";
			};
			name = Release;
		};
		C9ED92391CC866DF00E38BA9 /* Debug */ = {
			isa = XCBuildConfiguration;
			buildSettings = {
				INFOPLIST_FILE = weichatUITests/Info.plist;
				LD_RUNPATH_SEARCH_PATHS = "$(inherited) @executable_path/Frameworks @loader_path/Frameworks";
				PRODUCT_BUNDLE_IDENTIFIER = com.yinlian.weichatUITests;
				PRODUCT_NAME = "$(TARGET_NAME)";
				TEST_TARGET_NAME = weichat;
				USES_XCTRUNNER = YES;
			};
			name = Debug;
		};
		C9ED923A1CC866DF00E38BA9 /* Release */ = {
			isa = XCBuildConfiguration;
			buildSettings = {
				INFOPLIST_FILE = weichatUITests/Info.plist;
				LD_RUNPATH_SEARCH_PATHS = "$(inherited) @executable_path/Frameworks @loader_path/Frameworks";
				PRODUCT_BUNDLE_IDENTIFIER = com.yinlian.weichatUITests;
				PRODUCT_NAME = "$(TARGET_NAME)";
				TEST_TARGET_NAME = weichat;
				USES_XCTRUNNER = YES;
			};
			name = Release;
		};
/* End XCBuildConfiguration section */

/* Begin XCConfigurationList section */
		C9ED92001CC866DE00E38BA9 /* Build configuration list for PBXProject "weichat" */ = {
			isa = XCConfigurationList;
			buildConfigurations = (
				C9ED92301CC866DF00E38BA9 /* Debug */,
				C9ED92311CC866DF00E38BA9 /* Release */,
			);
			defaultConfigurationIsVisible = 0;
			defaultConfigurationName = Release;
		};
		C9ED92321CC866DF00E38BA9 /* Build configuration list for PBXNativeTarget "weichat" */ = {
			isa = XCConfigurationList;
			buildConfigurations = (
				C9ED92331CC866DF00E38BA9 /* Debug */,
				C9ED92341CC866DF00E38BA9 /* Release */,
			);
			defaultConfigurationIsVisible = 0;
			defaultConfigurationName = Release;
		};
		C9ED92351CC866DF00E38BA9 /* Build configuration list for PBXNativeTarget "weichatTests" */ = {
			isa = XCConfigurationList;
			buildConfigurations = (
				C9ED92361CC866DF00E38BA9 /* Debug */,
				C9ED92371CC866DF00E38BA9 /* Release */,
			);
			defaultConfigurationIsVisible = 0;
			defaultConfigurationName = Release;
		};
		C9ED92381CC866DF00E38BA9 /* Build configuration list for PBXNativeTarget "weichatUITests" */ = {
			isa = XCConfigurationList;
			buildConfigurations = (
				C9ED92391CC866DF00E38BA9 /* Debug */,
				C9ED923A1CC866DF00E38BA9 /* Release */,
			);
			defaultConfigurationIsVisible = 0;
			defaultConfigurationName = Release;
		};
/* End XCConfigurationList section */
	};
	rootObject = C9ED91FD1CC866DE00E38BA9 /* Project object */;
}
